{
  "name": "generator-ts-generator",
  "version": "0.0.0",
  "lockfileVersion": 1,
  "requires": true,
  "dependencies": {
    "@types/node": {
      "version": "10.12.1",
      "resolved": "https://registry.npmjs.org/@types/node/-/node-10.12.1.tgz",
      "integrity": "sha512-i1sl+WCX2OCHeUi9oi7PiCNUtYFrpWhpcx878vpeq/tlZTKzcFdHePlyFHVbWqeuKN0SRPl/9ZFDSTsfv9h7VQ==",
      "dev": true
    },
    "typescript": {
      "version": "3.1.5",
      "resolved": "https://registry.npmjs.org/typescript/-/typescript-3.1.5.tgz",
      "integrity": "sha512-muYNWV9j5+3mXoKD6oPONKuGUmYiFX14gfo9lWm9ZXRHOqVDQiB4q1CzFPbF4QLV2E9TZXH6oK55oQ94rn3PpA==",
      "dev": true
    }
  }
}
